{
  "name": "srvr",
  "version": "1.0.0",
  "lockfileVersion": 2,
  "requires": true,
  "packages": {
    "": {
      "version": "1.0.0",
      "license": "GPL-3.0",
      "dependencies": {
        "hosts": "github:SKYCRATE-ltd/DNS",
        "termite": "github:SKYCRATE-ltd/termite"
      }
    },
    "node_modules/computer": {
      "version": "1.0.0",
      "resolved": "git+ssh://git@github.com/SKYCRATE-ltd/computer.git#79c691bd284bfb004ff2e976fe08e979cc8dbec0",
      "license": "GPL-3.0"
    },
    "node_modules/crux": {
      "version": "1.0.0",
      "resolved": "git+ssh://git@github.com/SKYCRATE-ltd/crux.git#45cff6005390abfece9808d9b1b5729b57a9a91b",
      "license": "GPL-3.0"
    },
    "node_modules/hosts": {
      "version": "1.0.0",
      "resolved": "git+ssh://git@github.com/SKYCRATE-ltd/DNS.git#bf0c30ffd7c0a0c4a343cbe65f98d3044da392ae",
      "license": "GPL-3.0",
      "dependencies": {
        "termite": "github:SKYCRATE-ltd/termite"
      }
    },
    "node_modules/termite": {
      "version": "1.0.0",
      "resolved": "git+ssh://git@github.com/SKYCRATE-ltd/termite.git#2c6929fdd0c9a9429ed2a1b87d93646589cd6111",
      "license": "GPL-3.0",
      "dependencies": {
        "computer": "github:SKYCRATE-ltd/computer",
        "zed": "github:SKYCRATE-ltd/zed"
      }
    },
    "node_modules/zed": {
      "version": "1.0.0",
      "resolved": "git+ssh://git@github.com/SKYCRATE-ltd/zed.git#c369b158e243c50c6f4b54fe6ad71d3db76beff9",
      "license": "GPL-3.0",
      "dependencies": {
        "crux": "github:SKYCRATE-ltd/crux"
      }
    }
  },
  "dependencies": {
    "computer": {
      "version": "git+ssh://git@github.com/SKYCRATE-ltd/computer.git#79c691bd284bfb004ff2e976fe08e979cc8dbec0",
      "from": "computer@github:SKYCRATE-ltd/computer"
    },
    "crux": {
      "version": "git+ssh://git@github.com/SKYCRATE-ltd/crux.git#45cff6005390abfece9808d9b1b5729b57a9a91b",
      "from": "crux@github:SKYCRATE-ltd/crux"
    },
    "hosts": {
      "version": "git+ssh://git@github.com/SKYCRATE-ltd/DNS.git#bf0c30ffd7c0a0c4a343cbe65f98d3044da392ae",
      "from": "hosts@github:SKYCRATE-ltd/DNS",
      "requires": {
        "termite": "github:SKYCRATE-ltd/termite"
      }
    },
    "termite": {
      "version": "git+ssh://git@github.com/SKYCRATE-ltd/termite.git#2c6929fdd0c9a9429ed2a1b87d93646589cd6111",
      "from": "termite@github:SKYCRATE-ltd/termite",
      "requires": {
        "computer": "github:SKYCRATE-ltd/computer",
        "zed": "github:SKYCRATE-ltd/zed"
      }
    },
    "zed": {
      "version": "git+ssh://git@github.com/SKYCRATE-ltd/zed.git#c369b158e243c50c6f4b54fe6ad71d3db76beff9",
      "from": "zed@github:SKYCRATE-ltd/zed",
      "requires": {
        "crux": "github:SKYCRATE-ltd/crux"
      }
    }
  }
}
